// !$*UTF8*$!
{
	archiveVersion = 1;
	classes = {
	};
	objectVersion = 51;
	objects = {

/* Begin PBXBuildFile section */
		6D9E7287C3B15F6A49E4D678 /* Pods_TableViewWithRealmApp.framework in Frameworks */ = {isa = PBXBuildFile; fileRef = 686F5A3F5268047EE55BB977 /* Pods_TableViewWithRealmApp.framework */; };
		CF701EE026A429DD005ED6A5 /* extensionVC.swift in Sources */ = {isa = PBXBuildFile; fileRef = CF701EDF26A429DD005ED6A5 /* extensionVC.swift */; };
		CF8C3F7A26A6D6E600FFFA4F /* extensionVCTable.swift in Sources */ = {isa = PBXBuildFile; fileRef = CF8C3F7926A6D6E600FFFA4F /* extensionVCTable.swift */; };
		CFEBD9EE26A1CC0100092316 /* CreateDateTaskViewController.swift in Sources */ = {isa = PBXBuildFile; fileRef = CFEBD9ED26A1CC0100092316 /* CreateDateTaskViewController.swift */; };
		CFFE577B26A175E10038C275 /* AppDelegate.swift in Sources */ = {isa = PBXBuildFile; fileRef = CFFE577A26A175E10038C275 /* AppDelegate.swift */; };
		CFFE577D26A175E10038C275 /* SceneDelegate.swift in Sources */ = {isa = PBXBuildFile; fileRef = CFFE577C26A175E10038C275 /* SceneDelegate.swift */; };
		CFFE577F26A175E10038C275 /* ViewController.swift in Sources */ = {isa = PBXBuildFile; fileRef = CFFE577E26A175E10038C275 /* ViewController.swift */; };
		CFFE578226A175E10038C275 /* Main.storyboard in Resources */ = {isa = PBXBuildFile; fileRef = CFFE578026A175E10038C275 /* Main.storyboard */; };
		CFFE578426A175E40038C275 /* Assets.xcassets in Resources */ = {isa = PBXBuildFile; fileRef = CFFE578326A175E40038C275 /* Assets.xcassets */; };
		CFFE578726A175E40038C275 /* LaunchScreen.storyboard in Resources */ = {isa = PBXBuildFile; fileRef = CFFE578526A175E40038C275 /* LaunchScreen.storyboard */; };
		CFFE578F26A1785F0038C275 /* Tasks.swift in Sources */ = {isa = PBXBuildFile; fileRef = CFFE578E26A1785F0038C275 /* Tasks.swift */; };
/* End PBXBuildFile section */

/* Begin PBXFileReference section */
		4D7D3D3617ED7458618E67CF /* Pods-TableViewWithRealmApp.debug.xcconfig */ = {isa = PBXFileReference; includeInIndex = 1; lastKnownFileType = text.xcconfig; name = "Pods-TableViewWithRealmApp.debug.xcconfig"; path = "Target Support Files/Pods-TableViewWithRealmApp/Pods-TableViewWithRealmApp.debug.xcconfig"; sourceTree = "<group>"; };
		686F5A3F5268047EE55BB977 /* Pods_TableViewWithRealmApp.framework */ = {isa = PBXFileReference; explicitFileType = wrapper.framework; includeInIndex = 0; path = Pods_TableViewWithRealmApp.framework; sourceTree = BUILT_PRODUCTS_DIR; };
		CF701EDF26A429DD005ED6A5 /* extensionVC.swift */ = {isa = PBXFileReference; lastKnownFileType = sourcecode.swift; path = extensionVC.swift; sourceTree = "<group>"; };
		CF8C3F7926A6D6E600FFFA4F /* extensionVCTable.swift */ = {isa = PBXFileReference; lastKnownFileType = sourcecode.swift; path = extensionVCTable.swift; sourceTree = "<group>"; };
		CFEBD9ED26A1CC0100092316 /* CreateDateTaskViewController.swift */ = {isa = PBXFileReference; lastKnownFileType = sourcecode.swift; path = CreateDateTaskViewController.swift; sourceTree = "<group>"; };
		CFFE577726A175E10038C275 /* TableViewWithRealmApp.app */ = {isa = PBXFileReference; explicitFileType = wrapper.application; includeInIndex = 0; path = TableViewWithRealmApp.app; sourceTree = BUILT_PRODUCTS_DIR; };
		CFFE577A26A175E10038C275 /* AppDelegate.swift */ = {isa = PBXFileReference; lastKnownFileType = sourcecode.swift; path = AppDelegate.swift; sourceTree = "<group>"; };
		CFFE577C26A175E10038C275 /* SceneDelegate.swift */ = {isa = PBXFileReference; lastKnownFileType = sourcecode.swift; path = SceneDelegate.swift; sourceTree = "<group>"; };
		CFFE577E26A175E10038C275 /* ViewController.swift */ = {isa = PBXFileReference; lastKnownFileType = sourcecode.swift; path = ViewController.swift; sourceTree = "<group>"; };
		CFFE578126A175E10038C275 /* Base */ = {isa = PBXFileReference; lastKnownFileType = file.storyboard; name = Base; path = Base.lproj/Main.storyboard; sourceTree = "<group>"; };
		CFFE578326A175E40038C275 /* Assets.xcassets */ = {isa = PBXFileReference; lastKnownFileType = folder.assetcatalog; path = Assets.xcassets; sourceTree = "<group>"; };
		CFFE578626A175E40038C275 /* Base */ = {isa = PBXFileReference; lastKnownFileType = file.storyboard; name = Base; path = Base.lproj/LaunchScreen.storyboard; sourceTree = "<group>"; };
		CFFE578826A175E40038C275 /* Info.plist */ = {isa = PBXFileReference; lastKnownFileType = text.plist.xml; path = Info.plist; sourceTree = "<group>"; };
		CFFE578E26A1785F0038C275 /* Tasks.swift */ = {isa = PBXFileReference; lastKnownFileType = sourcecode.swift; path = Tasks.swift; sourceTree = "<group>"; };
		F7F2EA4B7CBA6F5D46641432 /* Pods-TableViewWithRealmApp.release.xcconfig */ = {isa = PBXFileReference; includeInIndex = 1; lastKnownFileType = text.xcconfig; name = "Pods-TableViewWithRealmApp.release.xcconfig"; path = "Target Support Files/Pods-TableViewWithRealmApp/Pods-TableViewWithRealmApp.release.xcconfig"; sourceTree = "<group>"; };
/* End PBXFileReference section */

/* Begin PBXFrameworksBuildPhase section */
		CFFE577426A175E10038C275 /* Frameworks */ = {
			isa = PBXFrameworksBuildPhase;
			buildActionMask = 2147483647;
			files = (
				6D9E7287C3B15F6A49E4D678 /* Pods_TableViewWithRealmApp.framework in Frameworks */,
			);
			runOnlyForDeploymentPostprocessing = 0;
		};
/* End PBXFrameworksBuildPhase section */

/* Begin PBXGroup section */
		0FF119D5C29A0CDD26705AA0 /* Pods */ = {
			isa = PBXGroup;
			children = (
				4D7D3D3617ED7458618E67CF /* Pods-TableViewWithRealmApp.debug.xcconfig */,
				F7F2EA4B7CBA6F5D46641432 /* Pods-TableViewWithRealmApp.release.xcconfig */,
			);
			path = Pods;
			sourceTree = "<group>";
		};
		81E0AB309F563BF9ED018038 /* Frameworks */ = {
			isa = PBXGroup;
			children = (
				686F5A3F5268047EE55BB977 /* Pods_TableViewWithRealmApp.framework */,
			);
			name = Frameworks;
			sourceTree = "<group>";
		};
		CF0AA2DA26BC1FE600DEC67F /* Model */ = {
			isa = PBXGroup;
			children = (
				CFFE578E26A1785F0038C275 /* Tasks.swift */,
			);
			path = Model;
			sourceTree = "<group>";
		};
		CF0AA2DB26BC1FFD00DEC67F /* Views */ = {
			isa = PBXGroup;
			children = (
				CFFE578026A175E10038C275 /* Main.storyboard */,
			);
			path = Views;
			sourceTree = "<group>";
		};
		CF0AA2DC26BC201600DEC67F /* Controller */ = {
			isa = PBXGroup;
			children = (
				CFFE577E26A175E10038C275 /* ViewController.swift */,
				CF8C3F7926A6D6E600FFFA4F /* extensionVCTable.swift */,
				CF701EDF26A429DD005ED6A5 /* extensionVC.swift */,
				CFEBD9ED26A1CC0100092316 /* CreateDateTaskViewController.swift */,
			);
			path = Controller;
			sourceTree = "<group>";
		};
		CFFE576E26A175E10038C275 = {
			isa = PBXGroup;
			children = (
				CFFE577926A175E10038C275 /* TableViewWithRealmApp */,
				CFFE577826A175E10038C275 /* Products */,
				0FF119D5C29A0CDD26705AA0 /* Pods */,
				81E0AB309F563BF9ED018038 /* Frameworks */,
			);
			sourceTree = "<group>";
		};
		CFFE577826A175E10038C275 /* Products */ = {
			isa = PBXGroup;
			children = (
				CFFE577726A175E10038C275 /* TableViewWithRealmApp.app */,
			);
			name = Products;
			sourceTree = "<group>";
		};
		CFFE577926A175E10038C275 /* TableViewWithRealmApp */ = {
			isa = PBXGroup;
			children = (
				CFFE577A26A175E10038C275 /* AppDelegate.swift */,
				CFFE577C26A175E10038C275 /* SceneDelegate.swift */,
				CF0AA2DC26BC201600DEC67F /* Controller */,
				CF0AA2DB26BC1FFD00DEC67F /* Views */,
				CF0AA2DA26BC1FE600DEC67F /* Model */,
				CFFE578326A175E40038C275 /* Assets.xcassets */,
				CFFE578526A175E40038C275 /* LaunchScreen.storyboard */,
				CFFE578826A175E40038C275 /* Info.plist */,
			);
			path = TableViewWithRealmApp;
			sourceTree = "<group>";
		};
/* End PBXGroup section */

/* Begin PBXNativeTarget section */
		CFFE577626A175E10038C275 /* TableViewWithRealmApp */ = {
			isa = PBXNativeTarget;
			buildConfigurationList = CFFE578B26A175E40038C275 /* Build configuration list for PBXNativeTarget "TableViewWithRealmApp" */;
			buildPhases = (
				DD2B7443CD0079323D13E7BB /* [CP] Check Pods Manifest.lock */,
				CFFE577326A175E10038C275 /* Sources */,
				CFFE577426A175E10038C275 /* Frameworks */,
				CFFE577526A175E10038C275 /* Resources */,
				C9952FBCBB794D9E95DDCDAD /* [CP] Embed Pods Frameworks */,
			);
			buildRules = (
			);
			dependencies = (
			);
			name = TableViewWithRealmApp;
			productName = TableViewWithRealmApp;
			productReference = CFFE577726A175E10038C275 /* TableViewWithRealmApp.app */;
			productType = "com.apple.product-type.application";
		};
/* End PBXNativeTarget section */

/* Begin PBXProject section */
		CFFE576F26A175E10038C275 /* Project object */ = {
			isa = PBXProject;
			attributes = {
				LastSwiftUpdateCheck = 1250;
				LastUpgradeCheck = 1250;
				TargetAttributes = {
					CFFE577626A175E10038C275 = {
						CreatedOnToolsVersion = 12.5;
					};
				};
			};
			buildConfigurationList = CFFE577226A175E10038C275 /* Build configuration list for PBXProject "TableViewWithRealmApp" */;
			compatibilityVersion = "Xcode 9.3";
			developmentRegion = en;
			hasScannedForEncodings = 0;
			knownRegions = (
				en,
				Base,
			);
			mainGroup = CFFE576E26A175E10038C275;
			productRefGroup = CFFE577826A175E10038C275 /* Products */;
			projectDirPath = "";
			projectRoot = "";
			targets = (
				CFFE577626A175E10038C275 /* TableViewWithRealmApp */,
			);
		};
/* End PBXProject section */

/* Begin PBXResourcesBuildPhase section */
		CFFE577526A175E10038C275 /* Resources */ = {
			isa = PBXResourcesBuildPhase;
			buildActionMask = 2147483647;
			files = (
				CFFE578726A175E40038C275 /* LaunchScreen.storyboard in Resources */,
				CFFE578426A175E40038C275 /* Assets.xcassets in Resources */,
				CFFE578226A175E10038C275 /* Main.storyboard in Resources */,
			);
			runOnlyForDeploymentPostprocessing = 0;
		};
/* End PBXResourcesBuildPhase section */

/* Begin PBXShellScriptBuildPhase section */
		C9952FBCBB794D9E95DDCDAD /* [CP] Embed Pods Frameworks */ = {
			isa = PBXShellScriptBuildPhase;
			buildActionMask = 2147483647;
			files = (
			);
			inputFileListPaths = (
				"${PODS_ROOT}/Target Support Files/Pods-TableViewWithRealmApp/Pods-TableViewWithRealmApp-frameworks-${CONFIGURATION}-input-files.xcfilelist",
			);
			name = "[CP] Embed Pods Frameworks";
			outputFileListPaths = (
				"${PODS_ROOT}/Target Support Files/Pods-TableViewWithRealmApp/Pods-TableViewWithRealmApp-frameworks-${CONFIGURATION}-output-files.xcfilelist",
			);
			runOnlyForDeploymentPostprocessing = 0;
			shellPath = /bin/sh;
			shellScript = "\"${PODS_ROOT}/Target Support Files/Pods-TableViewWithRealmApp/Pods-TableViewWithRealmApp-frameworks.sh\"\n";
			showEnvVarsInLog = 0;
		};
		DD2B7443CD0079323D13E7BB /* [CP] Check Pods Manifest.lock */ = {
			isa = PBXShellScriptBuildPhase;
			buildActionMask = 2147483647;
			files = (
			);
			inputFileListPaths = (
			);
			inputPaths = (
				"${PODS_PODFILE_DIR_PATH}/Podfile.lock",
				"${PODS_ROOT}/Manifest.lock",
			);
			name = "[CP] Check Pods Manifest.lock";
			outputFileListPaths = (
			);
			outputPaths = (
				"$(DERIVED_FILE_DIR)/Pods-TableViewWithRealmApp-checkManifestLockResult.txt",
			);
			runOnlyForDeploymentPostprocessing = 0;
			shellPath = /bin/sh;
			shellScript = "diff \"${PODS_PODFILE_DIR_PATH}/Podfile.lock\" \"${PODS_ROOT}/Manifest.lock\" > /dev/null\nif [ $? != 0 ] ; then\n    # print error to STDERR\n    echo \"error: The sandbox is not in sync with the Podfile.lock. Run 'pod install' or update your CocoaPods installation.\" >&2\n    exit 1\nfi\n# This output is used by Xcode 'outputs' to avoid re-running this script phase.\necho \"SUCCESS\" > \"${SCRIPT_OUTPUT_FILE_0}\"\n";
			showEnvVarsInLog = 0;
		};
/* End PBXShellScriptBuildPhase section */

/* Begin PBXSourcesBuildPhase section */
		CFFE577326A175E10038C275 /* Sources */ = {
			isa = PBXSourcesBuildPhase;
			buildActionMask = 2147483647;
			files = (
				CFFE578F26A1785F0038C275 /* Tasks.swift in Sources */,
				CF8C3F7A26A6D6E600FFFA4F /* extensionVCTable.swift in Sources */,
				CFEBD9EE26A1CC0100092316 /* CreateDateTaskViewController.swift in Sources */,
				CF701EE026A429DD005ED6A5 /* extensionVC.swift in Sources */,
				CFFE577F26A175E10038C275 /* ViewController.swift in Sources */,
				CFFE577B26A175E10038C275 /* AppDelegate.swift in Sources */,
				CFFE577D26A175E10038C275 /* SceneDelegate.swift in Sources */,
			);
			runOnlyForDeploymentPostprocessing = 0;
		};
/* End PBXSourcesBuildPhase section */

/* Begin PBXVariantGroup section */
		CFFE578026A175E10038C275 /* Main.storyboard */ = {
			isa = PBXVariantGroup;
			children = (
				CFFE578126A175E10038C275 /* Base */,
			);
			name = Main.storyboard;
			sourceTree = "<group>";
		};
		CFFE578526A175E40038C275 /* LaunchScreen.storyboard */ = {
			isa = PBXVariantGroup;
			children = (
				CFFE578626A175E40038C275 /* Base */,
			);
			name = LaunchScreen.storyboard;
			sourceTree = "<group>";
		};
/* End PBXVariantGroup section */

/* Begin XCBuildConfiguration section */
		CFFE578926A175E40038C275 /* Debug */ = {
			isa = XCBuildConfiguration;
			buildSettings = {
				ALWAYS_SEARCH_USER_PATHS = NO;
				CLANG_ANALYZER_NONNULL = YES;
				CLANG_ANALYZER_NUMBER_OBJECT_CONVERSION = YES_AGGRESSIVE;
				CLANG_CXX_LANGUAGE_STANDARD = "gnu++14";
				CLANG_CXX_LIBRARY = "libc++";
				CLANG_ENABLE_MODULES = YES;
				CLANG_ENABLE_OBJC_ARC = YES;
				CLANG_ENABLE_OBJC_WEAK = YES;
				CLANG_WARN_BLOCK_CAPTURE_AUTORELEASING = YES;
				CLANG_WARN_BOOL_CONVERSION = YES;
				CLANG_WARN_COMMA = YES;
				CLANG_WARN_CONSTANT_CONVERSION = YES;
				CLANG_WARN_DEPRECATED_OBJC_IMPLEMENTATIONS = YES;
				CLANG_WARN_DIRECT_OBJC_ISA_USAGE = YES_ERROR;
				CLANG_WARN_DOCUMENTATION_COMMENTS = YES;
				CLANG_WARN_EMPTY_BODY = YES;
				CLANG_WARN_ENUM_CONVERSION = YES;
				CLANG_WARN_INFINITE_RECURSION = YES;
				CLANG_WARN_INT_CONVERSION = YES;
				CLANG_WARN_NON_LITERAL_NULL_CONVERSION = YES;
				CLANG_WARN_OBJC_IMPLICIT_RETAIN_SELF = YES;
				CLANG_WARN_OBJC_LITERAL_CONVERSION = YES;
				CLANG_WARN_OBJC_ROOT_CLASS = YES_ERROR;
				CLANG_WARN_QUOTED_INCLUDE_IN_FRAMEWORK_HEADER = YES;
				CLANG_WARN_RANGE_LOOP_ANALYSIS = YES;
				CLANG_WARN_STRICT_PROTOTYPES = YES;
				CLANG_WARN_SUSPICIOUS_MOVE = YES;
				CLANG_WARN_UNGUARDED_AVAILABILITY = YES_AGGRESSIVE;
				CLANG_WARN_UNREACHABLE_CODE = YES;
				CLANG_WARN__DUPLICATE_METHOD_MATCH = YES;
				COPY_PHASE_STRIP = NO;
				DEBUG_INFORMATION_FORMAT = dwarf;
				ENABLE_STRICT_OBJC_MSGSEND = YES;
				ENABLE_TESTABILITY = YES;
				GCC_C_LANGUAGE_STANDARD = gnu11;
				GCC_DYNAMIC_NO_PIC = NO;
				GCC_NO_COMMON_BLOCKS = YES;
				GCC_OPTIMIZATION_LEVEL = 0;
				GCC_PREPROCESSOR_DEFINITIONS = (
					"DEBUG=1",
					"$(inherited)",
				);
				GCC_WARN_64_TO_32_BIT_CONVERSION = YES;
				GCC_WARN_ABOUT_RETURN_TYPE = YES_ERROR;
				GCC_WARN_UNDECLARED_SELECTOR = YES;
				GCC_WARN_UNINITIALIZED_AUTOS = YES_AGGRESSIVE;
				GCC_WARN_UNUSED_FUNCTION = YES;
				GCC_WARN_UNUSED_VARIABLE = YES;
				IPHONEOS_DEPLOYMENT_TARGET = 14.5;
				MTL_ENABLE_DEBUG_INFO = INCLUDE_SOURCE;
				MTL_FAST_MATH = YES;
				ONLY_ACTIVE_ARCH = YES;
				SDKROOT = iphoneos;
				SWIFT_ACTIVE_COMPILATION_CONDITIONS = DEBUG;
				SWIFT_OPTIMIZATION_LEVEL = "-Onone";
			};
			name = Debug;
		};
		CFFE578A26A175E40038C275 /* Release */ = {
			isa = XCBuildConfiguration;
			buildSettings = {
				ALWAYS_SEARCH_USER_PATHS = NO;
				CLANG_ANALYZER_NONNULL = YES;
				CLANG_ANALYZER_NUMBER_OBJECT_CONVERSION = YES_AGGRESSIVE;
				CLANG_CXX_LANGUAGE_STANDARD = "gnu++14";
				CLANG_CXX_LIBRARY = "libc++";
				CLANG_ENABLE_MODULES = YES;
				CLANG_ENABLE_OBJC_ARC = YES;
				CLANG_ENABLE_OBJC_WEAK = YES;
				CLANG_WARN_BLOCK_CAPTURE_AUTORELEASING = YES;
				CLANG_WARN_BOOL_CONVERSION = YES;
				CLANG_WARN_COMMA = YES;
				CLANG_WARN_CONSTANT_CONVERSION = YES;
				CLANG_WARN_DEPRECATED_OBJC_IMPLEMENTATIONS = YES;
				CLANG_WARN_DIRECT_OBJC_ISA_USAGE = YES_ERROR;
				CLANG_WARN_DOCUMENTATION_COMMENTS = YES;
				CLANG_WARN_EMPTY_BODY = YES;
				CLANG_WARN_ENUM_CONVERSION = YES;
				CLANG_WARN_INFINITE_RECURSION = YES;
				CLANG_WARN_INT_CONVERSION = YES;
				CLANG_WARN_NON_LITERAL_NULL_CONVERSION = YES;
				CLANG_WARN_OBJC_IMPLICIT_RETAIN_SELF = YES;
				CLANG_WARN_OBJC_LITERAL_CONVERSION = YES;
				CLANG_WARN_OBJC_ROOT_CLASS = YES_ERROR;
				CLANG_WARN_QUOTED_INCLUDE_IN_FRAMEWORK_HEADER = YES;
				CLANG_WARN_RANGE_LOOP_ANALYSIS = YES;
				CLANG_WARN_STRICT_PROTOTYPES = YES;
				CLANG_WARN_SUSPICIOUS_MOVE = YES;
				CLANG_WARN_UNGUARDED_AVAILABILITY = YES_AGGRESSIVE;
				CLANG_WARN_UNREACHABLE_CODE = YES;
				CLANG_WARN__DUPLICATE_METHOD_MATCH = YES;
				COPY_PHASE_STRIP = NO;
				DEBUG_INFORMATION_FORMAT = "dwarf-with-dsym";
				ENABLE_NS_ASSERTIONS = NO;
				ENABLE_STRICT_OBJC_MSGSEND = YES;
				GCC_C_LANGUAGE_STANDARD = gnu11;
				GCC_NO_COMMON_BLOCKS = YES;
				GCC_WARN_64_TO_32_BIT_CONVERSION = YES;
				GCC_WARN_ABOUT_RETURN_TYPE = YES_ERROR;
				GCC_WARN_UNDECLARED_SELECTOR = YES;
				GCC_WARN_UNINITIALIZED_AUTOS = YES_AGGRESSIVE;
				GCC_WARN_UNUSED_FUNCTION = YES;
				GCC_WARN_UNUSED_VARIABLE = YES;
				IPHONEOS_DEPLOYMENT_TARGET = 14.5;
				MTL_ENABLE_DEBUG_INFO = NO;
				MTL_FAST_MATH = YES;
				SDKROOT = iphoneos;
				SWIFT_COMPILATION_MODE = wholemodule;
				SWIFT_OPTIMIZATION_LEVEL = "-O";
				VALIDATE_PRODUCT = YES;
			};
			name = Release;
		};
		CFFE578C26A175E40038C275 /* Debug */ = {
			isa = XCBuildConfiguration;
			baseConfigurationReference = 4D7D3D3617ED7458618E67CF /* Pods-TableViewWithRealmApp.debug.xcconfig */;
			buildSettings = {
				ASSETCATALOG_COMPILER_APPICON_NAME = AppIcon;
				ASSETCATALOG_COMPILER_GLOBAL_ACCENT_COLOR_NAME = AccentColor;
				CODE_SIGN_STYLE = Automatic;
				DEVELOPMENT_TEAM = XS2R7967QT;
				INFOPLIST_FILE = TableViewWithRealmApp/Info.plist;
				LD_RUNPATH_SEARCH_PATHS = (
					"$(inherited)",
					"@executable_path/Frameworks",
				);
				PRODUCT_BUNDLE_IDENTIFIER = cow.iwaski.TableViewWithRealmApp;
				PRODUCT_NAME = "$(TARGET_NAME)";
				SWIFT_VERSION = 5.0;
				TARGETED_DEVICE_FAMILY = "1,2";
			};
			name = Debug;
		};
		CFFE578D26A175E40038C275 /* Release */ = {
			isa = XCBuildConfiguration;
			baseConfigurationReference = F7F2EA4B7CBA6F5D46641432 /* Pods-TableViewWithRealmApp.release.xcconfig */;
			buildSettings = {
				ASSETCATALOG_COMPILER_APPICON_NAME = AppIcon;
				ASSETCATALOG_COMPILER_GLOBAL_ACCENT_COLOR_NAME = AccentColor;
				CODE_SIGN_STYLE = Automatic;
				DEVELOPMENT_TEAM = XS2R7967QT;
				INFOPLIST_FILE = TableViewWithRealmApp/Info.plist;
				LD_RUNPATH_SEARCH_PATHS = (
					"$(inherited)",
					"@executable_path/Frameworks",
				);
				PRODUCT_BUNDLE_IDENTIFIER = cow.iwaski.TableViewWithRealmApp;
				PRODUCT_NAME = "$(TARGET_NAME)";
				SWIFT_VERSION = 5.0;
				TARGETED_DEVICE_FAMILY = "1,2";
			};
			name = Release;
		};
/* End XCBuildConfiguration section */

/* Begin XCConfigurationList section */
		CFFE577226A175E10038C275 /* Build configuration list for PBXProject "TableViewWithRealmApp" */ = {
			isa = XCConfigurationList;
			buildConfigurations = (
				CFFE578926A175E40038C275 /* Debug */,
				CFFE578A26A175E40038C275 /* Release */,
			);
			defaultConfigurationIsVisible = 0;
			defaultConfigurationName = Release;
		};
		CFFE578B26A175E40038C275 /* Build configuration list for PBXNativeTarget "TableViewWithRealmApp" */ = {
			isa = XCConfigurationList;
			buildConfigurations = (
				CFFE578C26A175E40038C275 /* Debug */,
				CFFE578D26A175E40038C275 /* Release */,
			);
			defaultConfigurationIsVisible = 0;
			defaultConfigurationName = Release;
		};
/* End XCConfigurationList section */
	};
	rootObject = CFFE576F26A175E10038C275 /* Project object */;
}
